
Microsoft Visual Studio Solution File, Format Version 12.00
# Visual Studio Version 17
VisualStudioVersion = 17.0.32112.339
MinimumVisualStudioVersion = 10.0.40219.1
Project("{FAE04EC0-301F-11D3-BF4B-00C04F79EFBC}") = "DiabetesOnWatch_v2.Android", "DiabetesOnWatch_v2\DiabetesOnWatch_v2.Android\DiabetesOnWatch_v2.Android.csproj", "{F3D80331-07AF-48A7-A547-2F64335490A3}"
EndProject
Project("{FAE04EC0-301F-11D3-BF4B-00C04F79EFBC}") = "DiabetesOnWatch_v2", "DiabetesOnWatch_v2\DiabetesOnWatch_v2\DiabetesOnWatch_v2.csproj", "{C3122616-6EDA-473E-8387-E84B1FDA187F}"
EndProject
Global
	GlobalSection(SolutionConfigurationPlatforms) = preSolution
		Debug|Any CPU = Debug|Any CPU
		Release|Any CPU = Release|Any CPU
	EndGlobalSection
	GlobalSection(ProjectConfigurationPlatforms) = postSolution
		{F3D80331-07AF-48A7-A547-2F64335490A3}.Debug|Any CPU.ActiveCfg = Debug|Any CPU
		{F3D80331-07AF-48A7-A547-2F64335490A3}.Debug|Any CPU.Build.0 = Debug|Any CPU
		{F3D80331-07AF-48A7-A547-2F64335490A3}.Debug|Any CPU.Deploy.0 = Debug|Any CPU
		{F3D80331-07AF-48A7-A547-2F64335490A3}.Release|Any CPU.ActiveCfg = Release|Any CPU
		{F3D80331-07AF-48A7-A547-2F64335490A3}.Release|Any CPU.Build.0 = Release|Any CPU
		{F3D80331-07AF-48A7-A547-2F64335490A3}.Release|Any CPU.Deploy.0 = Release|Any CPU
		{C3122616-6EDA-473E-8387-E84B1FDA187F}.Debug|Any CPU.ActiveCfg = Debug|Any CPU
		{C3122616-6EDA-473E-8387-E84B1FDA187F}.Debug|Any CPU.Build.0 = Debug|Any CPU
		{C3122616-6EDA-473E-8387-E84B1FDA187F}.Debug|Any CPU.Deploy.0 = Debug|Any CPU
		{C3122616-6EDA-473E-8387-E84B1FDA187F}.Release|Any CPU.ActiveCfg = Release|Any CPU
		{C3122616-6EDA-473E-8387-E84B1FDA187F}.Release|Any CPU.Build.0 = Release|Any CPU
		{C3122616-6EDA-473E-8387-E84B1FDA187F}.Release|Any CPU.Deploy.0 = Release|Any CPU
	EndGlobalSection
	GlobalSection(SolutionProperties) = preSolution
		HideSolutionNode = FALSE
	EndGlobalSection
	GlobalSection(ExtensibilityGlobals) = postSolution
		SolutionGuid = {62C8099E-0B40-44E7-9B76-5E28C9237F0B}
	EndGlobalSection
EndGlobal
